{
	"name": "wework-chat-node",
	"version": "1.1.1",
	"lockfileVersion": 2,
	"requires": true,
	"packages": {
		"": {
			"name": "wework-chat-node",
			"version": "1.1.1",
			"license": "MIT",
			"dependencies": {
				"bindings": "~1.2.1",
				"node-addon-api": "^3.2.1"
			},
			"engines": {
				"node": "~10 >=10.20 || >=12.17"
			}
		},
		"node_modules/bindings": {
			"version": "1.2.1",
			"resolved": "https://registry.npm.taobao.org/bindings/download/bindings-1.2.1.tgz?cache=0&other_urls=https%3A%2F%2Fregistry.npm.taobao.org%2Fbindings%2Fdownload%2Fbindings-1.2.1.tgz",
			"integrity": "sha1-FK1hE4EtLTfXLme0ystLtyZQXxE="
		},
		"node_modules/node-addon-api": {
			"version": "3.2.1",
			"resolved": "https://registry.npmmirror.com/node-addon-api/-/node-addon-api-3.2.1.tgz",
			"integrity": "sha512-mmcei9JghVNDYydghQmeDX8KoAm0FAiYyIcUt/N4nhyAipB17pllZQDOJD2fotxABnt4Mdz+dKTO7eftLg4d0A=="
		}
	},
	"dependencies": {
		"bindings": {
			"version": "1.2.1",
			"resolved": "https://registry.npm.taobao.org/bindings/download/bindings-1.2.1.tgz?cache=0&other_urls=https%3A%2F%2Fregistry.npm.taobao.org%2Fbindings%2Fdownload%2Fbindings-1.2.1.tgz",
			"integrity": "sha1-FK1hE4EtLTfXLme0ystLtyZQXxE="
		},
		"node-addon-api": {
			"version": "3.2.1",
			"resolved": "https://registry.npmmirror.com/node-addon-api/-/node-addon-api-3.2.1.tgz",
			"integrity": "sha512-mmcei9JghVNDYydghQmeDX8KoAm0FAiYyIcUt/N4nhyAipB17pllZQDOJD2fotxABnt4Mdz+dKTO7eftLg4d0A=="
		}
	}
}
